// !$*UTF8*$!
{
	archiveVersion = 1;
	classes = {
	};
	objectVersion = 56;
	objects = {

/* Begin PBXBuildFile section */
		94FF7B43296EDBA3008D3C53 /* AppDelegate.swift in Sources */ = {isa = PBXBuildFile; fileRef = 94FF7B42296EDBA3008D3C53 /* AppDelegate.swift */; };
		94FF7B45296EDBA3008D3C53 /* SceneDelegate.swift in Sources */ = {isa = PBXBuildFile; fileRef = 94FF7B44296EDBA3008D3C53 /* SceneDelegate.swift */; };
		94FF7B4A296EDBA3008D3C53 /* Main.storyboard in Resources */ = {isa = PBXBuildFile; fileRef = 94FF7B48296EDBA3008D3C53 /* Main.storyboard */; };
		94FF7B4C296EDBA4008D3C53 /* Assets.xcassets in Resources */ = {isa = PBXBuildFile; fileRef = 94FF7B4B296EDBA4008D3C53 /* Assets.xcassets */; };
		94FF7B4F296EDBA4008D3C53 /* LaunchScreen.storyboard in Resources */ = {isa = PBXBuildFile; fileRef = 94FF7B4D296EDBA4008D3C53 /* LaunchScreen.storyboard */; };
		94FF7B5A296EDBA4008D3C53 /* GodBookTests.swift in Sources */ = {isa = PBXBuildFile; fileRef = 94FF7B59296EDBA4008D3C53 /* GodBookTests.swift */; };
		94FF7B64296EDBA5008D3C53 /* GodBookUITests.swift in Sources */ = {isa = PBXBuildFile; fileRef = 94FF7B63296EDBA5008D3C53 /* GodBookUITests.swift */; };
		94FF7B66296EDBA5008D3C53 /* GodBookUITestsLaunchTests.swift in Sources */ = {isa = PBXBuildFile; fileRef = 94FF7B65296EDBA5008D3C53 /* GodBookUITestsLaunchTests.swift */; };
		94FF7B7E296EE27E008D3C53 /* StoreKit.framework in Frameworks */ = {isa = PBXBuildFile; fileRef = 94FF7B7D296EE27D008D3C53 /* StoreKit.framework */; };
		94FF7B85296EE325008D3C53 /* BaseTableViewController.swift in Sources */ = {isa = PBXBuildFile; fileRef = 94FF7B82296EE325008D3C53 /* BaseTableViewController.swift */; };
		94FF7B86296EE325008D3C53 /* CellProtocol.swift in Sources */ = {isa = PBXBuildFile; fileRef = 94FF7B81296EE325008D3C53 /* CellProtocol.swift */; };
		94FF7B87296EE325008D3C53 /* TableViewAdapter.swift in Sources */ = {isa = PBXBuildFile; fileRef = 94FF7B7F296EE324008D3C53 /* TableViewAdapter.swift */; };
		94FF7B88296EE325008D3C53 /* BaseCollectionViewController.swift in Sources */ = {isa = PBXBuildFile; fileRef = 94FF7B83296EE325008D3C53 /* BaseCollectionViewController.swift */; };
		94FF7B89296EE325008D3C53 /* BaseViewController.swift in Sources */ = {isa = PBXBuildFile; fileRef = 94FF7B80296EE325008D3C53 /* BaseViewController.swift */; };
		94FF7B8A296EE325008D3C53 /* CollectionViewAdapter.swift in Sources */ = {isa = PBXBuildFile; fileRef = 94FF7B84296EE325008D3C53 /* CollectionViewAdapter.swift */; };
		94FF7B8D296EE329008D3C53 /* SettingCell.swift in Sources */ = {isa = PBXBuildFile; fileRef = 94FF7B8C296EE329008D3C53 /* SettingCell.swift */; };
		94FF7B90296EE32C008D3C53 /* SwiftButton.swift in Sources */ = {isa = PBXBuildFile; fileRef = 94FF7B8E296EE32C008D3C53 /* SwiftButton.swift */; };
		94FF7B91296EE32C008D3C53 /* StackBottomBarView.swift in Sources */ = {isa = PBXBuildFile; fileRef = 94FF7B8F296EE32C008D3C53 /* StackBottomBarView.swift */; };
		94FF7B94296EE32F008D3C53 /* IAPCenter.swift in Sources */ = {isa = PBXBuildFile; fileRef = 94FF7B93296EE32F008D3C53 /* IAPCenter.swift */; };
		94FF7B95296EE32F008D3C53 /* KeyboardHelper.swift in Sources */ = {isa = PBXBuildFile; fileRef = 94FF7B92296EE32F008D3C53 /* KeyboardHelper.swift */; };
		94FF7B97296EE332008D3C53 /* UserInfoCenter.swift in Sources */ = {isa = PBXBuildFile; fileRef = 94FF7B96296EE332008D3C53 /* UserInfoCenter.swift */; };
		94FF7B9C296EE338008D3C53 /* LaunchviewController.swift in Sources */ = {isa = PBXBuildFile; fileRef = 94FF7B9B296EE338008D3C53 /* LaunchviewController.swift */; };
		94FF7B9E296EE338008D3C53 /* SelectViewController.swift in Sources */ = {isa = PBXBuildFile; fileRef = 94FF7B98296EE338008D3C53 /* SelectViewController.swift */; };
		94FF7B9F296EE338008D3C53 /* SettingViewController.swift in Sources */ = {isa = PBXBuildFile; fileRef = 94FF7B99296EE338008D3C53 /* SettingViewController.swift */; };
		94FF7BA1296EE358008D3C53 /* CodeModel.swift in Sources */ = {isa = PBXBuildFile; fileRef = 94FF7BA0296EE358008D3C53 /* CodeModel.swift */; };
		94FF7BA3296EE450008D3C53 /* GridViewController.swift in Sources */ = {isa = PBXBuildFile; fileRef = 94FF7BA2296EE450008D3C53 /* GridViewController.swift */; };
		94FF7BB5296EEF6F008D3C53 /* 往生淨土神咒.mp3 in Resources */ = {isa = PBXBuildFile; fileRef = 94FF7BA9296EEF6E008D3C53 /* 往生淨土神咒.mp3 */; };
		94FF7BB6296EEF6F008D3C53 /* 心經.mp3 in Resources */ = {isa = PBXBuildFile; fileRef = 94FF7BAA296EEF6E008D3C53 /* 心經.mp3 */; };
		94FF7BB7296EEF6F008D3C53 /* 大悲咒.mp3 in Resources */ = {isa = PBXBuildFile; fileRef = 94FF7BAB296EEF6E008D3C53 /* 大悲咒.mp3 */; };
		94FF7BB8296EEF6F008D3C53 /* 準提佛母心咒.mp3 in Resources */ = {isa = PBXBuildFile; fileRef = 94FF7BAC296EEF6E008D3C53 /* 準提佛母心咒.mp3 */; };
		94FF7BB9296EEF6F008D3C53 /* 滅定業真言.mp3 in Resources */ = {isa = PBXBuildFile; fileRef = 94FF7BAD296EEF6E008D3C53 /* 滅定業真言.mp3 */; };
		94FF7BBA296EEF6F008D3C53 /* 淨水咒.mp3 in Resources */ = {isa = PBXBuildFile; fileRef = 94FF7BAE296EEF6E008D3C53 /* 淨水咒.mp3 */; };
		94FF7BBB296EEF6F008D3C53 /* 大勢至菩薩心咒.mp3 in Resources */ = {isa = PBXBuildFile; fileRef = 94FF7BAF296EEF6E008D3C53 /* 大勢至菩薩心咒.mp3 */; };
		94FF7BBC296EEF6F008D3C53 /* 緣度母心咒.mp3 in Resources */ = {isa = PBXBuildFile; fileRef = 94FF7BB0296EEF6E008D3C53 /* 緣度母心咒.mp3 */; };
		94FF7BBD296EEF6F008D3C53 /* 文殊心咒.mp3 in Resources */ = {isa = PBXBuildFile; fileRef = 94FF7BB1296EEF6E008D3C53 /* 文殊心咒.mp3 */; };
		94FF7BBE296EEF6F008D3C53 /* 楞嚴咒咒心.mp3 in Resources */ = {isa = PBXBuildFile; fileRef = 94FF7BB2296EEF6F008D3C53 /* 楞嚴咒咒心.mp3 */; };
		94FF7BBF296EEF6F008D3C53 /* 月光菩薩咒.mp3 in Resources */ = {isa = PBXBuildFile; fileRef = 94FF7BB3296EEF6F008D3C53 /* 月光菩薩咒.mp3 */; };
		94FF7BC0296EEF6F008D3C53 /* 日光菩薩咒.mp3 in Resources */ = {isa = PBXBuildFile; fileRef = 94FF7BB4296EEF6F008D3C53 /* 日光菩薩咒.mp3 */; };
		94FF7BC2296EF067008D3C53 /* SettingCell.xib in Resources */ = {isa = PBXBuildFile; fileRef = 94FF7BC1296EF067008D3C53 /* SettingCell.xib */; };
/* End PBXBuildFile section */

/* Begin PBXContainerItemProxy section */
		94FF7B56296EDBA4008D3C53 /* PBXContainerItemProxy */ = {
			isa = PBXContainerItemProxy;
			containerPortal = 94FF7B37296EDBA3008D3C53 /* Project object */;
			proxyType = 1;
			remoteGlobalIDString = 94FF7B3E296EDBA3008D3C53;
			remoteInfo = GodBook;
		};
		94FF7B60296EDBA5008D3C53 /* PBXContainerItemProxy */ = {
			isa = PBXContainerItemProxy;
			containerPortal = 94FF7B37296EDBA3008D3C53 /* Project object */;
			proxyType = 1;
			remoteGlobalIDString = 94FF7B3E296EDBA3008D3C53;
			remoteInfo = GodBook;
		};
/* End PBXContainerItemProxy section */

/* Begin PBXFileReference section */
		94FF7B3F296EDBA3008D3C53 /* GodBook.app */ = {isa = PBXFileReference; explicitFileType = wrapper.application; includeInIndex = 0; path = GodBook.app; sourceTree = BUILT_PRODUCTS_DIR; };
		94FF7B42296EDBA3008D3C53 /* AppDelegate.swift */ = {isa = PBXFileReference; lastKnownFileType = sourcecode.swift; path = AppDelegate.swift; sourceTree = "<group>"; };
		94FF7B44296EDBA3008D3C53 /* SceneDelegate.swift */ = {isa = PBXFileReference; lastKnownFileType = sourcecode.swift; path = SceneDelegate.swift; sourceTree = "<group>"; };
		94FF7B49296EDBA3008D3C53 /* Base */ = {isa = PBXFileReference; lastKnownFileType = file.storyboard; name = Base; path = Base.lproj/Main.storyboard; sourceTree = "<group>"; };
		94FF7B4B296EDBA4008D3C53 /* Assets.xcassets */ = {isa = PBXFileReference; lastKnownFileType = folder.assetcatalog; path = Assets.xcassets; sourceTree = "<group>"; };
		94FF7B4E296EDBA4008D3C53 /* Base */ = {isa = PBXFileReference; lastKnownFileType = file.storyboard; name = Base; path = Base.lproj/LaunchScreen.storyboard; sourceTree = "<group>"; };
		94FF7B50296EDBA4008D3C53 /* Info.plist */ = {isa = PBXFileReference; lastKnownFileType = text.plist.xml; path = Info.plist; sourceTree = "<group>"; };
		94FF7B55296EDBA4008D3C53 /* GodBookTests.xctest */ = {isa = PBXFileReference; explicitFileType = wrapper.cfbundle; includeInIndex = 0; path = GodBookTests.xctest; sourceTree = BUILT_PRODUCTS_DIR; };
		94FF7B59296EDBA4008D3C53 /* GodBookTests.swift */ = {isa = PBXFileReference; lastKnownFileType = sourcecode.swift; path = GodBookTests.swift; sourceTree = "<group>"; };
		94FF7B5F296EDBA5008D3C53 /* GodBookUITests.xctest */ = {isa = PBXFileReference; explicitFileType = wrapper.cfbundle; includeInIndex = 0; path = GodBookUITests.xctest; sourceTree = BUILT_PRODUCTS_DIR; };
		94FF7B63296EDBA5008D3C53 /* GodBookUITests.swift */ = {isa = PBXFileReference; lastKnownFileType = sourcecode.swift; path = GodBookUITests.swift; sourceTree = "<group>"; };
		94FF7B65296EDBA5008D3C53 /* GodBookUITestsLaunchTests.swift */ = {isa = PBXFileReference; lastKnownFileType = sourcecode.swift; path = GodBookUITestsLaunchTests.swift; sourceTree = "<group>"; };
		94FF7B7D296EE27D008D3C53 /* StoreKit.framework */ = {isa = PBXFileReference; lastKnownFileType = wrapper.framework; name = StoreKit.framework; path = System/Library/Frameworks/StoreKit.framework; sourceTree = SDKROOT; };
		94FF7B7F296EE324008D3C53 /* TableViewAdapter.swift */ = {isa = PBXFileReference; lastKnownFileType = sourcecode.swift; path = TableViewAdapter.swift; sourceTree = "<group>"; };
		94FF7B80296EE325008D3C53 /* BaseViewController.swift */ = {isa = PBXFileReference; lastKnownFileType = sourcecode.swift; path = BaseViewController.swift; sourceTree = "<group>"; };
		94FF7B81296EE325008D3C53 /* CellProtocol.swift */ = {isa = PBXFileReference; lastKnownFileType = sourcecode.swift; path = CellProtocol.swift; sourceTree = "<group>"; };
		94FF7B82296EE325008D3C53 /* BaseTableViewController.swift */ = {isa = PBXFileReference; lastKnownFileType = sourcecode.swift; path = BaseTableViewController.swift; sourceTree = "<group>"; };
		94FF7B83296EE325008D3C53 /* BaseCollectionViewController.swift */ = {isa = PBXFileReference; lastKnownFileType = sourcecode.swift; path = BaseCollectionViewController.swift; sourceTree = "<group>"; };
		94FF7B84296EE325008D3C53 /* CollectionViewAdapter.swift */ = {isa = PBXFileReference; lastKnownFileType = sourcecode.swift; path = CollectionViewAdapter.swift; sourceTree = "<group>"; };
		94FF7B8C296EE329008D3C53 /* SettingCell.swift */ = {isa = PBXFileReference; lastKnownFileType = sourcecode.swift; path = SettingCell.swift; sourceTree = "<group>"; };
		94FF7B8E296EE32C008D3C53 /* SwiftButton.swift */ = {isa = PBXFileReference; lastKnownFileType = sourcecode.swift; path = SwiftButton.swift; sourceTree = "<group>"; };
		94FF7B8F296EE32C008D3C53 /* StackBottomBarView.swift */ = {isa = PBXFileReference; lastKnownFileType = sourcecode.swift; path = StackBottomBarView.swift; sourceTree = "<group>"; };
		94FF7B92296EE32F008D3C53 /* KeyboardHelper.swift */ = {isa = PBXFileReference; lastKnownFileType = sourcecode.swift; path = KeyboardHelper.swift; sourceTree = "<group>"; };
		94FF7B93296EE32F008D3C53 /* IAPCenter.swift */ = {isa = PBXFileReference; lastKnownFileType = sourcecode.swift; path = IAPCenter.swift; sourceTree = "<group>"; };
		94FF7B96296EE332008D3C53 /* UserInfoCenter.swift */ = {isa = PBXFileReference; lastKnownFileType = sourcecode.swift; path = UserInfoCenter.swift; sourceTree = "<group>"; };
		94FF7B98296EE338008D3C53 /* SelectViewController.swift */ = {isa = PBXFileReference; lastKnownFileType = sourcecode.swift; path = SelectViewController.swift; sourceTree = "<group>"; };
		94FF7B99296EE338008D3C53 /* SettingViewController.swift */ = {isa = PBXFileReference; lastKnownFileType = sourcecode.swift; path = SettingViewController.swift; sourceTree = "<group>"; };
		94FF7B9B296EE338008D3C53 /* LaunchviewController.swift */ = {isa = PBXFileReference; lastKnownFileType = sourcecode.swift; path = LaunchviewController.swift; sourceTree = "<group>"; };
		94FF7BA0296EE358008D3C53 /* CodeModel.swift */ = {isa = PBXFileReference; fileEncoding = 4; lastKnownFileType = sourcecode.swift; path = CodeModel.swift; sourceTree = "<group>"; };
		94FF7BA2296EE450008D3C53 /* GridViewController.swift */ = {isa = PBXFileReference; fileEncoding = 4; lastKnownFileType = sourcecode.swift; path = GridViewController.swift; sourceTree = "<group>"; };
		94FF7BA9296EEF6E008D3C53 /* 往生淨土神咒.mp3 */ = {isa = PBXFileReference; lastKnownFileType = audio.mp3; path = "往生淨土神咒.mp3"; sourceTree = "<group>"; };
		94FF7BAA296EEF6E008D3C53 /* 心經.mp3 */ = {isa = PBXFileReference; lastKnownFileType = audio.mp3; path = "心經.mp3"; sourceTree = "<group>"; };
		94FF7BAB296EEF6E008D3C53 /* 大悲咒.mp3 */ = {isa = PBXFileReference; lastKnownFileType = audio.mp3; path = "大悲咒.mp3"; sourceTree = "<group>"; };
		94FF7BAC296EEF6E008D3C53 /* 準提佛母心咒.mp3 */ = {isa = PBXFileReference; lastKnownFileType = audio.mp3; path = "準提佛母心咒.mp3"; sourceTree = "<group>"; };
		94FF7BAD296EEF6E008D3C53 /* 滅定業真言.mp3 */ = {isa = PBXFileReference; lastKnownFileType = audio.mp3; path = "滅定業真言.mp3"; sourceTree = "<group>"; };
		94FF7BAE296EEF6E008D3C53 /* 淨水咒.mp3 */ = {isa = PBXFileReference; lastKnownFileType = audio.mp3; path = "淨水咒.mp3"; sourceTree = "<group>"; };
		94FF7BAF296EEF6E008D3C53 /* 大勢至菩薩心咒.mp3 */ = {isa = PBXFileReference; lastKnownFileType = audio.mp3; path = "大勢至菩薩心咒.mp3"; sourceTree = "<group>"; };
		94FF7BB0296EEF6E008D3C53 /* 緣度母心咒.mp3 */ = {isa = PBXFileReference; lastKnownFileType = audio.mp3; path = "緣度母心咒.mp3"; sourceTree = "<group>"; };
		94FF7BB1296EEF6E008D3C53 /* 文殊心咒.mp3 */ = {isa = PBXFileReference; lastKnownFileType = audio.mp3; path = "文殊心咒.mp3"; sourceTree = "<group>"; };
		94FF7BB2296EEF6F008D3C53 /* 楞嚴咒咒心.mp3 */ = {isa = PBXFileReference; lastKnownFileType = audio.mp3; path = "楞嚴咒咒心.mp3"; sourceTree = "<group>"; };
		94FF7BB3296EEF6F008D3C53 /* 月光菩薩咒.mp3 */ = {isa = PBXFileReference; lastKnownFileType = audio.mp3; path = "月光菩薩咒.mp3"; sourceTree = "<group>"; };
		94FF7BB4296EEF6F008D3C53 /* 日光菩薩咒.mp3 */ = {isa = PBXFileReference; lastKnownFileType = audio.mp3; path = "日光菩薩咒.mp3"; sourceTree = "<group>"; };
		94FF7BC1296EF067008D3C53 /* SettingCell.xib */ = {isa = PBXFileReference; fileEncoding = 4; lastKnownFileType = file.xib; path = SettingCell.xib; sourceTree = "<group>"; };
/* End PBXFileReference section */

/* Begin PBXFrameworksBuildPhase section */
		94FF7B3C296EDBA3008D3C53 /* Frameworks */ = {
			isa = PBXFrameworksBuildPhase;
			buildActionMask = 2147483647;
			files = (
				94FF7B7E296EE27E008D3C53 /* StoreKit.framework in Frameworks */,
			);
			runOnlyForDeploymentPostprocessing = 0;
		};
		94FF7B52296EDBA4008D3C53 /* Frameworks */ = {
			isa = PBXFrameworksBuildPhase;
			buildActionMask = 2147483647;
			files = (
			);
			runOnlyForDeploymentPostprocessing = 0;
		};
		94FF7B5C296EDBA5008D3C53 /* Frameworks */ = {
			isa = PBXFrameworksBuildPhase;
			buildActionMask = 2147483647;
			files = (
			);
			runOnlyForDeploymentPostprocessing = 0;
		};
/* End PBXFrameworksBuildPhase section */

/* Begin PBXGroup section */
		94FF7B36296EDBA3008D3C53 = {
			isa = PBXGroup;
			children = (
				94FF7B41296EDBA3008D3C53 /* GodBook */,
				94FF7B58296EDBA4008D3C53 /* GodBookTests */,
				94FF7B62296EDBA5008D3C53 /* GodBookUITests */,
				94FF7B40296EDBA3008D3C53 /* Products */,
				94FF7B7C296EE27D008D3C53 /* Frameworks */,
			);
			sourceTree = "<group>";
		};
		94FF7B40296EDBA3008D3C53 /* Products */ = {
			isa = PBXGroup;
			children = (
				94FF7B3F296EDBA3008D3C53 /* GodBook.app */,
				94FF7B55296EDBA4008D3C53 /* GodBookTests.xctest */,
				94FF7B5F296EDBA5008D3C53 /* GodBookUITests.xctest */,
			);
			name = Products;
			sourceTree = "<group>";
		};
		94FF7B41296EDBA3008D3C53 /* GodBook */ = {
			isa = PBXGroup;
			children = (
				94FF7B42296EDBA3008D3C53 /* AppDelegate.swift */,
				94FF7B44296EDBA3008D3C53 /* SceneDelegate.swift */,
				94FF7B48296EDBA3008D3C53 /* Main.storyboard */,
				94FF7B4B296EDBA4008D3C53 /* Assets.xcassets */,
				94FF7B4D296EDBA4008D3C53 /* LaunchScreen.storyboard */,
				94FF7B83296EE325008D3C53 /* BaseCollectionViewController.swift */,
				94FF7B82296EE325008D3C53 /* BaseTableViewController.swift */,
				94FF7B80296EE325008D3C53 /* BaseViewController.swift */,
				94FF7B81296EE325008D3C53 /* CellProtocol.swift */,
				94FF7B84296EE325008D3C53 /* CollectionViewAdapter.swift */,
				94FF7B7F296EE324008D3C53 /* TableViewAdapter.swift */,
				94FF7B8C296EE329008D3C53 /* SettingCell.swift */,
				94FF7BC1296EF067008D3C53 /* SettingCell.xib */,
				94FF7B8F296EE32C008D3C53 /* StackBottomBarView.swift */,
				94FF7B8E296EE32C008D3C53 /* SwiftButton.swift */,
				94FF7B93296EE32F008D3C53 /* IAPCenter.swift */,
				94FF7B92296EE32F008D3C53 /* KeyboardHelper.swift */,
				94FF7B96296EE332008D3C53 /* UserInfoCenter.swift */,
				94FF7B9B296EE338008D3C53 /* LaunchviewController.swift */,
				94FF7B98296EE338008D3C53 /* SelectViewController.swift */,
				94FF7B99296EE338008D3C53 /* SettingViewController.swift */,
				94FF7BA0296EE358008D3C53 /* CodeModel.swift */,
				94FF7BA2296EE450008D3C53 /* GridViewController.swift */,
				94FF7BA8296EEF60008D3C53 /* Music */,
				94FF7B50296EDBA4008D3C53 /* Info.plist */,
			);
			path = GodBook;
			sourceTree = "<group>";
		};
		94FF7B58296EDBA4008D3C53 /* GodBookTests */ = {
			isa = PBXGroup;
			children = (
				94FF7B59296EDBA4008D3C53 /* GodBookTests.swift */,
			);
			path = GodBookTests;
			sourceTree = "<group>";
		};
		94FF7B62296EDBA5008D3C53 /* GodBookUITests */ = {
			isa = PBXGroup;
			children = (
				94FF7B63296EDBA5008D3C53 /* GodBookUITests.swift */,
				94FF7B65296EDBA5008D3C53 /* GodBookUITestsLaunchTests.swift */,
			);
			path = GodBookUITests;
			sourceTree = "<group>";
		};
		94FF7B7C296EE27D008D3C53 /* Frameworks */ = {
			isa = PBXGroup;
			children = (
				94FF7B7D296EE27D008D3C53 /* StoreKit.framework */,
			);
			name = Frameworks;
			sourceTree = "<group>";
		};
		94FF7BA8296EEF60008D3C53 /* Music */ = {
			isa = PBXGroup;
			children = (
				94FF7BAB296EEF6E008D3C53 /* 大悲咒.mp3 */,
				94FF7BAF296EEF6E008D3C53 /* 大勢至菩薩心咒.mp3 */,
				94FF7BAA296EEF6E008D3C53 /* 心經.mp3 */,
				94FF7BB1296EEF6E008D3C53 /* 文殊心咒.mp3 */,
				94FF7BB4296EEF6F008D3C53 /* 日光菩薩咒.mp3 */,
				94FF7BB3296EEF6F008D3C53 /* 月光菩薩咒.mp3 */,
				94FF7BA9296EEF6E008D3C53 /* 往生淨土神咒.mp3 */,
				94FF7BAE296EEF6E008D3C53 /* 淨水咒.mp3 */,
				94FF7BB2296EEF6F008D3C53 /* 楞嚴咒咒心.mp3 */,
				94FF7BAC296EEF6E008D3C53 /* 準提佛母心咒.mp3 */,
				94FF7BAD296EEF6E008D3C53 /* 滅定業真言.mp3 */,
				94FF7BB0296EEF6E008D3C53 /* 緣度母心咒.mp3 */,
			);
			path = Music;
			sourceTree = "<group>";
		};
/* End PBXGroup section */

/* Begin PBXNativeTarget section */
		94FF7B3E296EDBA3008D3C53 /* GodBook */ = {
			isa = PBXNativeTarget;
			buildConfigurationList = 94FF7B69296EDBA5008D3C53 /* Build configuration list for PBXNativeTarget "GodBook" */;
			buildPhases = (
				94FF7B3B296EDBA3008D3C53 /* Sources */,
				94FF7B3C296EDBA3008D3C53 /* Frameworks */,
				94FF7B3D296EDBA3008D3C53 /* Resources */,
			);
			buildRules = (
			);
			dependencies = (
			);
			name = GodBook;
			productName = GodBook;
			productReference = 94FF7B3F296EDBA3008D3C53 /* GodBook.app */;
			productType = "com.apple.product-type.application";
		};
		94FF7B54296EDBA4008D3C53 /* GodBookTests */ = {
			isa = PBXNativeTarget;
			buildConfigurationList = 94FF7B6C296EDBA5008D3C53 /* Build configuration list for PBXNativeTarget "GodBookTests" */;
			buildPhases = (
				94FF7B51296EDBA4008D3C53 /* Sources */,
				94FF7B52296EDBA4008D3C53 /* Frameworks */,
				94FF7B53296EDBA4008D3C53 /* Resources */,
			);
			buildRules = (
			);
			dependencies = (
				94FF7B57296EDBA4008D3C53 /* PBXTargetDependency */,
			);
			name = GodBookTests;
			productName = GodBookTests;
			productReference = 94FF7B55296EDBA4008D3C53 /* GodBookTests.xctest */;
			productType = "com.apple.product-type.bundle.unit-test";
		};
		94FF7B5E296EDBA5008D3C53 /* GodBookUITests */ = {
			isa = PBXNativeTarget;
			buildConfigurationList = 94FF7B6F296EDBA5008D3C53 /* Build configuration list for PBXNativeTarget "GodBookUITests" */;
			buildPhases = (
				94FF7B5B296EDBA5008D3C53 /* Sources */,
				94FF7B5C296EDBA5008D3C53 /* Frameworks */,
				94FF7B5D296EDBA5008D3C53 /* Resources */,
			);
			buildRules = (
			);
			dependencies = (
				94FF7B61296EDBA5008D3C53 /* PBXTargetDependency */,
			);
			name = GodBookUITests;
			productName = GodBookUITests;
			productReference = 94FF7B5F296EDBA5008D3C53 /* GodBookUITests.xctest */;
			productType = "com.apple.product-type.bundle.ui-testing";
		};
/* End PBXNativeTarget section */

/* Begin PBXProject section */
		94FF7B37296EDBA3008D3C53 /* Project object */ = {
			isa = PBXProject;
			attributes = {
				BuildIndependentTargetsInParallel = 1;
				LastSwiftUpdateCheck = 1420;
				LastUpgradeCheck = 1420;
				TargetAttributes = {
					94FF7B3E296EDBA3008D3C53 = {
						CreatedOnToolsVersion = 14.2;
					};
					94FF7B54296EDBA4008D3C53 = {
						CreatedOnToolsVersion = 14.2;
						TestTargetID = 94FF7B3E296EDBA3008D3C53;
					};
					94FF7B5E296EDBA5008D3C53 = {
						CreatedOnToolsVersion = 14.2;
						TestTargetID = 94FF7B3E296EDBA3008D3C53;
					};
				};
			};
			buildConfigurationList = 94FF7B3A296EDBA3008D3C53 /* Build configuration list for PBXProject "GodBook" */;
			compatibilityVersion = "Xcode 14.0";
			developmentRegion = en;
			hasScannedForEncodings = 0;
			knownRegions = (
				en,
				Base,
			);
			mainGroup = 94FF7B36296EDBA3008D3C53;
			productRefGroup = 94FF7B40296EDBA3008D3C53 /* Products */;
			projectDirPath = "";
			projectRoot = "";
			targets = (
				94FF7B3E296EDBA3008D3C53 /* GodBook */,
				94FF7B54296EDBA4008D3C53 /* GodBookTests */,
				94FF7B5E296EDBA5008D3C53 /* GodBookUITests */,
			);
		};
/* End PBXProject section */

/* Begin PBXResourcesBuildPhase section */
		94FF7B3D296EDBA3008D3C53 /* Resources */ = {
			isa = PBXResourcesBuildPhase;
			buildActionMask = 2147483647;
			files = (
				94FF7B4F296EDBA4008D3C53 /* LaunchScreen.storyboard in Resources */,
				94FF7BBE296EEF6F008D3C53 /* 楞嚴咒咒心.mp3 in Resources */,
				94FF7BBF296EEF6F008D3C53 /* 月光菩薩咒.mp3 in Resources */,
				94FF7BB7296EEF6F008D3C53 /* 大悲咒.mp3 in Resources */,
				94FF7BB9296EEF6F008D3C53 /* 滅定業真言.mp3 in Resources */,
				94FF7BB8296EEF6F008D3C53 /* 準提佛母心咒.mp3 in Resources */,
				94FF7BBA296EEF6F008D3C53 /* 淨水咒.mp3 in Resources */,
				94FF7BBC296EEF6F008D3C53 /* 緣度母心咒.mp3 in Resources */,
				94FF7BC2296EF067008D3C53 /* SettingCell.xib in Resources */,
				94FF7BC0296EEF6F008D3C53 /* 日光菩薩咒.mp3 in Resources */,
				94FF7BB6296EEF6F008D3C53 /* 心經.mp3 in Resources */,
				94FF7BBB296EEF6F008D3C53 /* 大勢至菩薩心咒.mp3 in Resources */,
				94FF7BB5296EEF6F008D3C53 /* 往生淨土神咒.mp3 in Resources */,
				94FF7BBD296EEF6F008D3C53 /* 文殊心咒.mp3 in Resources */,
				94FF7B4C296EDBA4008D3C53 /* Assets.xcassets in Resources */,
				94FF7B4A296EDBA3008D3C53 /* Main.storyboard in Resources */,
			);
			runOnlyForDeploymentPostprocessing = 0;
		};
		94FF7B53296EDBA4008D3C53 /* Resources */ = {
			isa = PBXResourcesBuildPhase;
			buildActionMask = 2147483647;
			files = (
			);
			runOnlyForDeploymentPostprocessing = 0;
		};
		94FF7B5D296EDBA5008D3C53 /* Resources */ = {
			isa = PBXResourcesBuildPhase;
			buildActionMask = 2147483647;
			files = (
			);
			runOnlyForDeploymentPostprocessing = 0;
		};
/* End PBXResourcesBuildPhase section */

/* Begin PBXSourcesBuildPhase section */
		94FF7B3B296EDBA3008D3C53 /* Sources */ = {
			isa = PBXSourcesBuildPhase;
			buildActionMask = 2147483647;
			files = (
				94FF7B9E296EE338008D3C53 /* SelectViewController.swift in Sources */,
				94FF7B85296EE325008D3C53 /* BaseTableViewController.swift in Sources */,
				94FF7B43296EDBA3008D3C53 /* AppDelegate.swift in Sources */,
				94FF7B45296EDBA3008D3C53 /* SceneDelegate.swift in Sources */,
				94FF7B95296EE32F008D3C53 /* KeyboardHelper.swift in Sources */,
				94FF7B9F296EE338008D3C53 /* SettingViewController.swift in Sources */,
				94FF7B90296EE32C008D3C53 /* SwiftButton.swift in Sources */,
				94FF7B88296EE325008D3C53 /* BaseCollectionViewController.swift in Sources */,
				94FF7B87296EE325008D3C53 /* TableViewAdapter.swift in Sources */,
				94FF7B89296EE325008D3C53 /* BaseViewController.swift in Sources */,
				94FF7B91296EE32C008D3C53 /* StackBottomBarView.swift in Sources */,
				94FF7B8A296EE325008D3C53 /* CollectionViewAdapter.swift in Sources */,
				94FF7B9C296EE338008D3C53 /* LaunchviewController.swift in Sources */,
				94FF7B94296EE32F008D3C53 /* IAPCenter.swift in Sources */,
				94FF7B97296EE332008D3C53 /* UserInfoCenter.swift in Sources */,
				94FF7B86296EE325008D3C53 /* CellProtocol.swift in Sources */,
				94FF7BA3296EE450008D3C53 /* GridViewController.swift in Sources */,
				94FF7B8D296EE329008D3C53 /* SettingCell.swift in Sources */,
				94FF7BA1296EE358008D3C53 /* CodeModel.swift in Sources */,
			);
			runOnlyForDeploymentPostprocessing = 0;
		};
		94FF7B51296EDBA4008D3C53 /* Sources */ = {
			isa = PBXSourcesBuildPhase;
			buildActionMask = 2147483647;
			files = (
				94FF7B5A296EDBA4008D3C53 /* GodBookTests.swift in Sources */,
			);
			runOnlyForDeploymentPostprocessing = 0;
		};
		94FF7B5B296EDBA5008D3C53 /* Sources */ = {
			isa = PBXSourcesBuildPhase;
			buildActionMask = 2147483647;
			files = (
				94FF7B66296EDBA5008D3C53 /* GodBookUITestsLaunchTests.swift in Sources */,
				94FF7B64296EDBA5008D3C53 /* GodBookUITests.swift in Sources */,
			);
			runOnlyForDeploymentPostprocessing = 0;
		};
/* End PBXSourcesBuildPhase section */

/* Begin PBXTargetDependency section */
		94FF7B57296EDBA4008D3C53 /* PBXTargetDependency */ = {
			isa = PBXTargetDependency;
			target = 94FF7B3E296EDBA3008D3C53 /* GodBook */;
			targetProxy = 94FF7B56296EDBA4008D3C53 /* PBXContainerItemProxy */;
		};
		94FF7B61296EDBA5008D3C53 /* PBXTargetDependency */ = {
			isa = PBXTargetDependency;
			target = 94FF7B3E296EDBA3008D3C53 /* GodBook */;
			targetProxy = 94FF7B60296EDBA5008D3C53 /* PBXContainerItemProxy */;
		};
/* End PBXTargetDependency section */

/* Begin PBXVariantGroup section */
		94FF7B48296EDBA3008D3C53 /* Main.storyboard */ = {
			isa = PBXVariantGroup;
			children = (
				94FF7B49296EDBA3008D3C53 /* Base */,
			);
			name = Main.storyboard;
			sourceTree = "<group>";
		};
		94FF7B4D296EDBA4008D3C53 /* LaunchScreen.storyboard */ = {
			isa = PBXVariantGroup;
			children = (
				94FF7B4E296EDBA4008D3C53 /* Base */,
			);
			name = LaunchScreen.storyboard;
			sourceTree = "<group>";
		};
/* End PBXVariantGroup section */

/* Begin XCBuildConfiguration section */
		94FF7B67296EDBA5008D3C53 /* Debug */ = {
			isa = XCBuildConfiguration;
			buildSettings = {
				ALWAYS_SEARCH_USER_PATHS = NO;
				CLANG_ANALYZER_NONNULL = YES;
				CLANG_ANALYZER_NUMBER_OBJECT_CONVERSION = YES_AGGRESSIVE;
				CLANG_CXX_LANGUAGE_STANDARD = "gnu++20";
				CLANG_ENABLE_MODULES = YES;
				CLANG_ENABLE_OBJC_ARC = YES;
				CLANG_ENABLE_OBJC_WEAK = YES;
				CLANG_WARN_BLOCK_CAPTURE_AUTORELEASING = YES;
				CLANG_WARN_BOOL_CONVERSION = YES;
				CLANG_WARN_COMMA = YES;
				CLANG_WARN_CONSTANT_CONVERSION = YES;
				CLANG_WARN_DEPRECATED_OBJC_IMPLEMENTATIONS = YES;
				CLANG_WARN_DIRECT_OBJC_ISA_USAGE = YES_ERROR;
				CLANG_WARN_DOCUMENTATION_COMMENTS = YES;
				CLANG_WARN_EMPTY_BODY = YES;
				CLANG_WARN_ENUM_CONVERSION = YES;
				CLANG_WARN_INFINITE_RECURSION = YES;
				CLANG_WARN_INT_CONVERSION = YES;
				CLANG_WARN_NON_LITERAL_NULL_CONVERSION = YES;
				CLANG_WARN_OBJC_IMPLICIT_RETAIN_SELF = YES;
				CLANG_WARN_OBJC_LITERAL_CONVERSION = YES;
				CLANG_WARN_OBJC_ROOT_CLASS = YES_ERROR;
				CLANG_WARN_QUOTED_INCLUDE_IN_FRAMEWORK_HEADER = YES;
				CLANG_WARN_RANGE_LOOP_ANALYSIS = YES;
				CLANG_WARN_STRICT_PROTOTYPES = YES;
				CLANG_WARN_SUSPICIOUS_MOVE = YES;
				CLANG_WARN_UNGUARDED_AVAILABILITY = YES_AGGRESSIVE;
				CLANG_WARN_UNREACHABLE_CODE = YES;
				CLANG_WARN__DUPLICATE_METHOD_MATCH = YES;
				COPY_PHASE_STRIP = NO;
				DEBUG_INFORMATION_FORMAT = dwarf;
				ENABLE_STRICT_OBJC_MSGSEND = YES;
				ENABLE_TESTABILITY = YES;
				GCC_C_LANGUAGE_STANDARD = gnu11;
				GCC_DYNAMIC_NO_PIC = NO;
				GCC_NO_COMMON_BLOCKS = YES;
				GCC_OPTIMIZATION_LEVEL = 0;
				GCC_PREPROCESSOR_DEFINITIONS = (
					"DEBUG=1",
					"$(inherited)",
				);
				GCC_WARN_64_TO_32_BIT_CONVERSION = YES;
				GCC_WARN_ABOUT_RETURN_TYPE = YES_ERROR;
				GCC_WARN_UNDECLARED_SELECTOR = YES;
				GCC_WARN_UNINITIALIZED_AUTOS = YES_AGGRESSIVE;
				GCC_WARN_UNUSED_FUNCTION = YES;
				GCC_WARN_UNUSED_VARIABLE = YES;
				IPHONEOS_DEPLOYMENT_TARGET = 16.2;
				MTL_ENABLE_DEBUG_INFO = INCLUDE_SOURCE;
				MTL_FAST_MATH = YES;
				ONLY_ACTIVE_ARCH = YES;
				SDKROOT = iphoneos;
				SWIFT_ACTIVE_COMPILATION_CONDITIONS = DEBUG;
				SWIFT_OPTIMIZATION_LEVEL = "-Onone";
			};
			name = Debug;
		};
		94FF7B68296EDBA5008D3C53 /* Release */ = {
			isa = XCBuildConfiguration;
			buildSettings = {
				ALWAYS_SEARCH_USER_PATHS = NO;
				CLANG_ANALYZER_NONNULL = YES;
				CLANG_ANALYZER_NUMBER_OBJECT_CONVERSION = YES_AGGRESSIVE;
				CLANG_CXX_LANGUAGE_STANDARD = "gnu++20";
				CLANG_ENABLE_MODULES = YES;
				CLANG_ENABLE_OBJC_ARC = YES;
				CLANG_ENABLE_OBJC_WEAK = YES;
				CLANG_WARN_BLOCK_CAPTURE_AUTORELEASING = YES;
				CLANG_WARN_BOOL_CONVERSION = YES;
				CLANG_WARN_COMMA = YES;
				CLANG_WARN_CONSTANT_CONVERSION = YES;
				CLANG_WARN_DEPRECATED_OBJC_IMPLEMENTATIONS = YES;
				CLANG_WARN_DIRECT_OBJC_ISA_USAGE = YES_ERROR;
				CLANG_WARN_DOCUMENTATION_COMMENTS = YES;
				CLANG_WARN_EMPTY_BODY = YES;
				CLANG_WARN_ENUM_CONVERSION = YES;
				CLANG_WARN_INFINITE_RECURSION = YES;
				CLANG_WARN_INT_CONVERSION = YES;
				CLANG_WARN_NON_LITERAL_NULL_CONVERSION = YES;
				CLANG_WARN_OBJC_IMPLICIT_RETAIN_SELF = YES;
				CLANG_WARN_OBJC_LITERAL_CONVERSION = YES;
				CLANG_WARN_OBJC_ROOT_CLASS = YES_ERROR;
				CLANG_WARN_QUOTED_INCLUDE_IN_FRAMEWORK_HEADER = YES;
				CLANG_WARN_RANGE_LOOP_ANALYSIS = YES;
				CLANG_WARN_STRICT_PROTOTYPES = YES;
				CLANG_WARN_SUSPICIOUS_MOVE = YES;
				CLANG_WARN_UNGUARDED_AVAILABILITY = YES_AGGRESSIVE;
				CLANG_WARN_UNREACHABLE_CODE = YES;
				CLANG_WARN__DUPLICATE_METHOD_MATCH = YES;
				COPY_PHASE_STRIP = NO;
				DEBUG_INFORMATION_FORMAT = "dwarf-with-dsym";
				ENABLE_NS_ASSERTIONS = NO;
				ENABLE_STRICT_OBJC_MSGSEND = YES;
				GCC_C_LANGUAGE_STANDARD = gnu11;
				GCC_NO_COMMON_BLOCKS = YES;
				GCC_WARN_64_TO_32_BIT_CONVERSION = YES;
				GCC_WARN_ABOUT_RETURN_TYPE = YES_ERROR;
				GCC_WARN_UNDECLARED_SELECTOR = YES;
				GCC_WARN_UNINITIALIZED_AUTOS = YES_AGGRESSIVE;
				GCC_WARN_UNUSED_FUNCTION = YES;
				GCC_WARN_UNUSED_VARIABLE = YES;
				IPHONEOS_DEPLOYMENT_TARGET = 16.2;
				MTL_ENABLE_DEBUG_INFO = NO;
				MTL_FAST_MATH = YES;
				SDKROOT = iphoneos;
				SWIFT_COMPILATION_MODE = wholemodule;
				SWIFT_OPTIMIZATION_LEVEL = "-O";
				VALIDATE_PRODUCT = YES;
			};
			name = Release;
		};
		94FF7B6A296EDBA5008D3C53 /* Debug */ = {
			isa = XCBuildConfiguration;
			buildSettings = {
				ASSETCATALOG_COMPILER_APPICON_NAME = AppIcon;
				ASSETCATALOG_COMPILER_GLOBAL_ACCENT_COLOR_NAME = AccentColor;
				CODE_SIGN_STYLE = Automatic;
				CURRENT_PROJECT_VERSION = 1;
				DEVELOPMENT_TEAM = 89P6MA394F;
				GENERATE_INFOPLIST_FILE = YES;
				INFOPLIST_FILE = GodBook/Info.plist;
				INFOPLIST_KEY_UIApplicationSupportsIndirectInputEvents = YES;
				INFOPLIST_KEY_UILaunchStoryboardName = LaunchScreen;
				INFOPLIST_KEY_UIMainStoryboardFile = Main;
				INFOPLIST_KEY_UISupportedInterfaceOrientations_iPad = "UIInterfaceOrientationPortrait UIInterfaceOrientationPortraitUpsideDown UIInterfaceOrientationLandscapeLeft UIInterfaceOrientationLandscapeRight";
				INFOPLIST_KEY_UISupportedInterfaceOrientations_iPhone = "UIInterfaceOrientationPortrait UIInterfaceOrientationLandscapeLeft UIInterfaceOrientationLandscapeRight";
				IPHONEOS_DEPLOYMENT_TARGET = 13.0;
				LD_RUNPATH_SEARCH_PATHS = (
					"$(inherited)",
					"@executable_path/Frameworks",
				);
				MARKETING_VERSION = 1.0;
				PRODUCT_BUNDLE_IDENTIFIER = tw.com.annaBegg.GodBook.GodBook;
				PRODUCT_NAME = "$(TARGET_NAME)";
				SUPPORTED_PLATFORMS = "iphoneos iphonesimulator";
				SUPPORTS_MACCATALYST = NO;
				SUPPORTS_MAC_DESIGNED_FOR_IPHONE_IPAD = NO;
				SWIFT_EMIT_LOC_STRINGS = YES;
				SWIFT_VERSION = 5.0;
				TARGETED_DEVICE_FAMILY = 1;
			};
			name = Debug;
		};
		94FF7B6B296EDBA5008D3C53 /* Release */ = {
			isa = XCBuildConfiguration;
			buildSettings = {
				ASSETCATALOG_COMPILER_APPICON_NAME = AppIcon;
				ASSETCATALOG_COMPILER_GLOBAL_ACCENT_COLOR_NAME = AccentColor;
				CODE_SIGN_STYLE = Automatic;
				CURRENT_PROJECT_VERSION = 1;
				DEVELOPMENT_TEAM = 89P6MA394F;
				GENERATE_INFOPLIST_FILE = YES;
				INFOPLIST_FILE = GodBook/Info.plist;
				INFOPLIST_KEY_UIApplicationSupportsIndirectInputEvents = YES;
				INFOPLIST_KEY_UILaunchStoryboardName = LaunchScreen;
				INFOPLIST_KEY_UIMainStoryboardFile = Main;
				INFOPLIST_KEY_UISupportedInterfaceOrientations_iPad = "UIInterfaceOrientationPortrait UIInterfaceOrientationPortraitUpsideDown UIInterfaceOrientationLandscapeLeft UIInterfaceOrientationLandscapeRight";
				INFOPLIST_KEY_UISupportedInterfaceOrientations_iPhone = "UIInterfaceOrientationPortrait UIInterfaceOrientationLandscapeLeft UIInterfaceOrientationLandscapeRight";
				IPHONEOS_DEPLOYMENT_TARGET = 13.0;
				LD_RUNPATH_SEARCH_PATHS = (
					"$(inherited)",
					"@executable_path/Frameworks",
				);
				MARKETING_VERSION = 1.0;
				PRODUCT_BUNDLE_IDENTIFIER = tw.com.annaBegg.GodBook.GodBook;
				PRODUCT_NAME = "$(TARGET_NAME)";
				SUPPORTED_PLATFORMS = "iphoneos iphonesimulator";
				SUPPORTS_MACCATALYST = NO;
				SUPPORTS_MAC_DESIGNED_FOR_IPHONE_IPAD = NO;
				SWIFT_EMIT_LOC_STRINGS = YES;
				SWIFT_VERSION = 5.0;
				TARGETED_DEVICE_FAMILY = 1;
			};
			name = Release;
		};
		94FF7B6D296EDBA5008D3C53 /* Debug */ = {
			isa = XCBuildConfiguration;
			buildSettings = {
				ALWAYS_EMBED_SWIFT_STANDARD_LIBRARIES = YES;
				BUNDLE_LOADER = "$(TEST_HOST)";
				CODE_SIGN_STYLE = Automatic;
				CURRENT_PROJECT_VERSION = 1;
				DEVELOPMENT_TEAM = 89P6MA394F;
				GENERATE_INFOPLIST_FILE = YES;
				IPHONEOS_DEPLOYMENT_TARGET = 16.2;
				MARKETING_VERSION = 1.0;
				PRODUCT_BUNDLE_IDENTIFIER = tw.com.annaBegg.GodBook.GodBookTests;
				PRODUCT_NAME = "$(TARGET_NAME)";
				SWIFT_EMIT_LOC_STRINGS = NO;
				SWIFT_VERSION = 5.0;
				TARGETED_DEVICE_FAMILY = "1,2";
				TEST_HOST = "$(BUILT_PRODUCTS_DIR)/GodBook.app/$(BUNDLE_EXECUTABLE_FOLDER_PATH)/GodBook";
			};
			name = Debug;
		};
		94FF7B6E296EDBA5008D3C53 /* Release */ = {
			isa = XCBuildConfiguration;
			buildSettings = {
				ALWAYS_EMBED_SWIFT_STANDARD_LIBRARIES = YES;
				BUNDLE_LOADER = "$(TEST_HOST)";
				CODE_SIGN_STYLE = Automatic;
				CURRENT_PROJECT_VERSION = 1;
				DEVELOPMENT_TEAM = 89P6MA394F;
				GENERATE_INFOPLIST_FILE = YES;
				IPHONEOS_DEPLOYMENT_TARGET = 16.2;
				MARKETING_VERSION = 1.0;
				PRODUCT_BUNDLE_IDENTIFIER = tw.com.annaBegg.GodBook.GodBookTests;
				PRODUCT_NAME = "$(TARGET_NAME)";
				SWIFT_EMIT_LOC_STRINGS = NO;
				SWIFT_VERSION = 5.0;
				TARGETED_DEVICE_FAMILY = "1,2";
				TEST_HOST = "$(BUILT_PRODUCTS_DIR)/GodBook.app/$(BUNDLE_EXECUTABLE_FOLDER_PATH)/GodBook";
			};
			name = Release;
		};
		94FF7B70296EDBA5008D3C53 /* Debug */ = {
			isa = XCBuildConfiguration;
			buildSettings = {
				ALWAYS_EMBED_SWIFT_STANDARD_LIBRARIES = YES;
				CODE_SIGN_STYLE = Automatic;
				CURRENT_PROJECT_VERSION = 1;
				DEVELOPMENT_TEAM = 89P6MA394F;
				GENERATE_INFOPLIST_FILE = YES;
				MARKETING_VERSION = 1.0;
				PRODUCT_BUNDLE_IDENTIFIER = tw.com.annaBegg.GodBook.GodBookUITests;
				PRODUCT_NAME = "$(TARGET_NAME)";
				SWIFT_EMIT_LOC_STRINGS = NO;
				SWIFT_VERSION = 5.0;
				TARGETED_DEVICE_FAMILY = "1,2";
				TEST_TARGET_NAME = GodBook;
			};
			name = Debug;
		};
		94FF7B71296EDBA5008D3C53 /* Release */ = {
			isa = XCBuildConfiguration;
			buildSettings = {
				ALWAYS_EMBED_SWIFT_STANDARD_LIBRARIES = YES;
				CODE_SIGN_STYLE = Automatic;
				CURRENT_PROJECT_VERSION = 1;
				DEVELOPMENT_TEAM = 89P6MA394F;
				GENERATE_INFOPLIST_FILE = YES;
				MARKETING_VERSION = 1.0;
				PRODUCT_BUNDLE_IDENTIFIER = tw.com.annaBegg.GodBook.GodBookUITests;
				PRODUCT_NAME = "$(TARGET_NAME)";
				SWIFT_EMIT_LOC_STRINGS = NO;
				SWIFT_VERSION = 5.0;
				TARGETED_DEVICE_FAMILY = "1,2";
				TEST_TARGET_NAME = GodBook;
			};
			name = Release;
		};
/* End XCBuildConfiguration section */

/* Begin XCConfigurationList section */
		94FF7B3A296EDBA3008D3C53 /* Build configuration list for PBXProject "GodBook" */ = {
			isa = XCConfigurationList;
			buildConfigurations = (
				94FF7B67296EDBA5008D3C53 /* Debug */,
				94FF7B68296EDBA5008D3C53 /* Release */,
			);
			defaultConfigurationIsVisible = 0;
			defaultConfigurationName = Release;
		};
		94FF7B69296EDBA5008D3C53 /* Build configuration list for PBXNativeTarget "GodBook" */ = {
			isa = XCConfigurationList;
			buildConfigurations = (
				94FF7B6A296EDBA5008D3C53 /* Debug */,
				94FF7B6B296EDBA5008D3C53 /* Release */,
			);
			defaultConfigurationIsVisible = 0;
			defaultConfigurationName = Release;
		};
		94FF7B6C296EDBA5008D3C53 /* Build configuration list for PBXNativeTarget "GodBookTests" */ = {
			isa = XCConfigurationList;
			buildConfigurations = (
				94FF7B6D296EDBA5008D3C53 /* Debug */,
				94FF7B6E296EDBA5008D3C53 /* Release */,
			);
			defaultConfigurationIsVisible = 0;
			defaultConfigurationName = Release;
		};
		94FF7B6F296EDBA5008D3C53 /* Build configuration list for PBXNativeTarget "GodBookUITests" */ = {
			isa = XCConfigurationList;
			buildConfigurations = (
				94FF7B70296EDBA5008D3C53 /* Debug */,
				94FF7B71296EDBA5008D3C53 /* Release */,
			);
			defaultConfigurationIsVisible = 0;
			defaultConfigurationName = Release;
		};
/* End XCConfigurationList section */
	};
	rootObject = 94FF7B37296EDBA3008D3C53 /* Project object */;
}
